
Microsoft Visual Studio Solution File, Format Version 12.00
# Visual Studio Version 16
VisualStudioVersion = 16.0.31424.327
MinimumVisualStudioVersion = 10.0.40219.1
Project("{FAE04EC0-301F-11D3-BF4B-00C04F79EFBC}") = "Wordle", "Wordle\Wordle.csproj", "{A70862D9-CD45-4A95-831B-4FBA938EB36B}"
EndProject
Global
	GlobalSection(SolutionConfigurationPlatforms) = preSolution
		Debug|Any CPU = Debug|Any CPU
		Release|Any CPU = Release|Any CPU
	EndGlobalSection
	GlobalSection(ProjectConfigurationPlatforms) = postSolution
		{A70862D9-CD45-4A95-831B-4FBA938EB36B}.Debug|Any CPU.ActiveCfg = Debug|Any CPU
		{A70862D9-CD45-4A95-831B-4FBA938EB36B}.Debug|Any CPU.Build.0 = Debug|Any CPU
		{A70862D9-CD45-4A95-831B-4FBA938EB36B}.Release|Any CPU.ActiveCfg = Release|Any CPU
		{A70862D9-CD45-4A95-831B-4FBA938EB36B}.Release|Any CPU.Build.0 = Release|Any CPU
	EndGlobalSection
	GlobalSection(SolutionProperties) = preSolution
		HideSolutionNode = FALSE
	EndGlobalSection
	GlobalSection(ExtensibilityGlobals) = postSolution
		SolutionGuid = {44A5A1BF-C31F-4D37-9511-7D2629CB5EA7}
	EndGlobalSection
EndGlobal
